
Microsoft Visual Studio Solution File, Format Version 12.00
# Visual Studio Version 17
VisualStudioVersion = 17.13.35818.85 d17.13
MinimumVisualStudioVersion = 10.0.40219.1
Project("{8BC9CEB8-8B4A-11D0-8D11-00A0C91BC942}") = "数组", "数组\数组.vcxproj", "{FAC0F750-E7B5-4310-A55C-F751DA24D099}"
EndProject
Global
	GlobalSection(SolutionConfigurationPlatforms) = preSolution
		Debug|x64 = Debug|x64
		Debug|x86 = Debug|x86
		Release|x64 = Release|x64
		Release|x86 = Release|x86
	EndGlobalSection
	GlobalSection(ProjectConfigurationPlatforms) = postSolution
		{FAC0F750-E7B5-4310-A55C-F751DA24D099}.Debug|x64.ActiveCfg = Debug|x64
		{FAC0F750-E7B5-4310-A55C-F751DA24D099}.Debug|x64.Build.0 = Debug|x64
		{FAC0F750-E7B5-4310-A55C-F751DA24D099}.Debug|x86.ActiveCfg = Debug|Win32
		{FAC0F750-E7B5-4310-A55C-F751DA24D099}.Debug|x86.Build.0 = Debug|Win32
		{FAC0F750-E7B5-4310-A55C-F751DA24D099}.Release|x64.ActiveCfg = Release|x64
		{FAC0F750-E7B5-4310-A55C-F751DA24D099}.Release|x64.Build.0 = Release|x64
		{FAC0F750-E7B5-4310-A55C-F751DA24D099}.Release|x86.ActiveCfg = Release|Win32
		{FAC0F750-E7B5-4310-A55C-F751DA24D099}.Release|x86.Build.0 = Release|Win32
	EndGlobalSection
	GlobalSection(SolutionProperties) = preSolution
		HideSolutionNode = FALSE
	EndGlobalSection
	GlobalSection(ExtensibilityGlobals) = postSolution
		SolutionGuid = {48EAC403-6882-44DA-9AB0-722A39566BAA}
	EndGlobalSection
EndGlobal
